{
  "name": "pindrop",
  "version": "1.0.0",
  "lockfileVersion": 3,
  "requires": true,
  "packages": {
    "": {
      "name": "pindrop",
      "version": "1.0.0",
      "dependencies": {
        "@duckdb/node-api": "^1.4.4-r.2"
      }
    },
    "node_modules/@duckdb/node-api": {
      "version": "1.4.4-r.2",
      "resolved": "https://registry.npmjs.org/@duckdb/node-api/-/node-api-1.4.4-r.2.tgz",
      "integrity": "sha512-nfOXZPp+2cIVXUCuq9TfbZrLrSUnxuh42zZx5IpBkdlMjoeqpqEdughnGcDULoAhn1H1j5+h30orjmV9rJ9xEw==",
      "license": "MIT",
      "dependencies": {
        "@duckdb/node-bindings": "1.4.4-r.2"
      }
    },
    "node_modules/@duckdb/node-bindings": {
      "version": "1.4.4-r.2",
      "resolved": "https://registry.npmjs.org/@duckdb/node-bindings/-/node-bindings-1.4.4-r.2.tgz",
      "integrity": "sha512-6c2hU7hPYEpI1Ynf4VVVQbdeqXngr5TqCm6raJQ/Ne+4L0uqVVQKhZonzgkzOLML4f99qs23FX3cN9IaB9A7xw==",
      "license": "MIT",
      "optionalDependencies": {
        "@duckdb/node-bindings-darwin-arm64": "1.4.4-r.2",
        "@duckdb/node-bindings-darwin-x64": "1.4.4-r.2",
        "@duckdb/node-bindings-linux-arm64": "1.4.4-r.2",
        "@duckdb/node-bindings-linux-x64": "1.4.4-r.2",
        "@duckdb/node-bindings-win32-x64": "1.4.4-r.2"
      }
    },
    "node_modules/@duckdb/node-bindings-darwin-arm64": {
      "version": "1.4.4-r.2",
      "resolved": "https://registry.npmjs.org/@duckdb/node-bindings-darwin-arm64/-/node-bindings-darwin-arm64-1.4.4-r.2.tgz",
      "integrity": "sha512-kfs7oM1I9xK3+bnQJDxCgbQHeVr4HhV0qejGiaQjEZjjtP/BxzH46Bx01m2zHWnmxNXKvtNR1tsOt3NaoWQ2vA==",
      "cpu": [
        "arm64"
      ],
      "license": "MIT",
      "optional": true,
      "os": [
        "darwin"
      ]
    },
    "node_modules/@duckdb/node-bindings-darwin-x64": {
      "version": "1.4.4-r.2",
      "resolved": "https://registry.npmjs.org/@duckdb/node-bindings-darwin-x64/-/node-bindings-darwin-x64-1.4.4-r.2.tgz",
      "integrity": "sha512-MGvSqE09iLuc5MRYaQKqMAvwQP2ygyYKKYWtlGdQtAs1C05s4UIRnpJSQL0X0L5gi44vwpN6Q5BEUihuzN8W4A==",
      "cpu": [
        "x64"
      ],
      "license": "MIT",
      "optional": true,
      "os": [
        "darwin"
      ]
    },
    "node_modules/@duckdb/node-bindings-linux-arm64": {
      "version": "1.4.4-r.2",
      "resolved": "https://registry.npmjs.org/@duckdb/node-bindings-linux-arm64/-/node-bindings-linux-arm64-1.4.4-r.2.tgz",
      "integrity": "sha512-htSCwC66pkCLQdWUZHaNm4YrXQ0IWQInD2IjAi6Mgc6Bp9VVaeqzZddK+//kh2zvbgyyl3qWSIp8vCq5MxiUgg==",
      "cpu": [
        "arm64"
      ],
      "license": "MIT",
      "optional": true,
      "os": [
        "linux"
      ]
    },
    "node_modules/@duckdb/node-bindings-linux-x64": {
      "version": "1.4.4-r.2",
      "resolved": "https://registry.npmjs.org/@duckdb/node-bindings-linux-x64/-/node-bindings-linux-x64-1.4.4-r.2.tgz",
      "integrity": "sha512-ZbmL+QOhTnuUIQztgFNOWo2KNP6ukDnhYUWxQl8zZ3nHeaLcsydWTfHLxvDDxLAQqA46M3iZSVyc9tL/zDkjtw==",
      "cpu": [
        "x64"
      ],
      "license": "MIT",
      "optional": true,
      "os": [
        "linux"
      ]
    },
    "node_modules/@duckdb/node-bindings-win32-x64": {
      "version": "1.4.4-r.2",
      "resolved": "https://registry.npmjs.org/@duckdb/node-bindings-win32-x64/-/node-bindings-win32-x64-1.4.4-r.2.tgz",
      "integrity": "sha512-K8l934jxpTkc/JmNIu4jrTJMLzc60Ziqo6OCcrtYU7hhXkrQod5FCFWMe4JFIKrBhwNsd/VHQQ4RQ6gOT9gY2w==",
      "cpu": [
        "x64"
      ],
      "license": "MIT",
      "optional": true,
      "os": [
        "win32"
      ]
    }
  }
}
